<?xml version="1.0" encoding="utf-8"?>
<Project ToolsVersion="4.0" xmlns="http://schemas.microsoft.com/developer/msbuild/2003">
  <ItemGroup>
    <Filter Include="Source Files">
      <UniqueIdentifier>{4FC737F1-C7A5-4376-A066-2A32D752A2FF}</UniqueIdentifier>
      <Extensions>cpp;c;cc;cxx;c++;cppm;ixx;def;odl;idl;hpj;bat;asm;asmx</Extensions>
    </Filter>
    <Filter Include="Header Files">
      <UniqueIdentifier>{93995380-89BD-4b04-88EB-625FBE52EBFB}</UniqueIdentifier>
      <Extensions>h;hh;hpp;hxx;h++;hm;inl;inc;ipp;xsd</Extensions>
    </Filter>
    <Filter Include="Resource Files">
      <UniqueIdentifier>{67DA6AB6-F800-4c08-8B7A-83BB121AAD01}</UniqueIdentifier>
      <Extensions>rc;ico;cur;bmp;dlg;rc2;rct;bin;rgs;gif;jpg;jpeg;jpe;resx;tiff;tif;png;wav;mfcribbon-ms</Extensions>
    </Filter>
    <Filter Include="Source Files\WSHandlers">
      <UniqueIdentifier>{8b670233-17f0-47d0-b59f-f3a5f73286c2}</UniqueIdentifier>
    </Filter>
  </ItemGroup>
  <ItemGroup>
    <ClCompile Include="src\main.cpp">
      <Filter>Source Files</Filter>
    </ClCompile>
    <ClCompile Include="src\Session.cpp">
      <Filter>Source Files</Filter>
    </ClCompile>
    <ClCompile Include="src\WSUser.cpp">
      <Filter>Source Files</Filter>
    </ClCompile>
    <ClCompile Include="src\Server.cpp">
      <Filter>Source Files</Filter>
    </ClCompile>
    <ClCompile Include="src\StreamPacket.cpp">
      <Filter>Source Files</Filter>
    </ClCompile>
    <ClCompile Include="src\JSONUtils.cpp">
      <Filter>Source Files</Filter>
    </ClCompile>
    <ClCompile Include="src\WSHandlers\IWSHandler.cpp">
      <Filter>Source Files\WSHandlers</Filter>
    </ClCompile>
    <ClCompile Include="src\WSHandlers\WSH_login.cpp">
      <Filter>Source Files\WSHandlers</Filter>
    </ClCompile>
    <ClCompile Include="src\WSHandlers\WSH_logout.cpp">
      <Filter>Source Files\WSHandlers</Filter>
    </ClCompile>
    <ClCompile Include="src\WSHandlers\WSH_querysession.cpp">
      <Filter>Source Files\WSHandlers</Filter>
    </ClCompile>
    <ClCompile Include="src\WSHandlers\WSH_volume.cpp">
      <Filter>Source Files\WSHandlers</Filter>
    </ClCompile>
    <ClCompile Include="src\WSHandlers\WSHandlerMgr.cpp">
      <Filter>Source Files\WSHandlers</Filter>
    </ClCompile>
    <ClCompile Include="src\WSHandlers\WSHException.cpp">
      <Filter>Source Files\WSHandlers</Filter>
    </ClCompile>
    <ClCompile Include="src\AudioPacket.cpp">
      <Filter>Source Files</Filter>
    </ClCompile>
    <ClCompile Include="src\SpeakerStream.cpp">
      <Filter>Source Files</Filter>
    </ClCompile>
    <ClCompile Include="src\WSHandlers\WSH_gate.cpp">
      <Filter>Source Files\WSHandlers</Filter>
    </ClCompile>
    <ClCompile Include="src\WSHandlers\WSH_broadcast.cpp">
      <Filter>Source Files\WSHandlers</Filter>
    </ClCompile>
    <ClCompile Include="src\WSHandlers\WSH_forward.cpp">
      <Filter>Source Files\WSHandlers</Filter>
    </ClCompile>
    <ClCompile Include="src\WSHandlers\WSH_chsession.cpp">
      <Filter>Source Files\WSHandlers</Filter>
    </ClCompile>
    <ClCompile Include="src\WSHandlers\WSH_rebuffer.cpp">
      <Filter>Source Files\WSHandlers</Filter>
    </ClCompile>
  </ItemGroup>
  <ItemGroup>
    <ClInclude Include="src\WSUser.h">
      <Filter>Header Files</Filter>
    </ClInclude>
    <ClInclude Include="src\Session.h">
      <Filter>Header Files</Filter>
    </ClInclude>
    <ClInclude Include="src\Types.h">
      <Filter>Header Files</Filter>
    </ClInclude>
    <ClInclude Include="src\SimpleWSinclude.h">
      <Filter>Header Files</Filter>
    </ClInclude>
    <ClInclude Include="src\Server.h">
      <Filter>Header Files</Filter>
    </ClInclude>
    <ClInclude Include="src\Utils.h">
      <Filter>Header Files</Filter>
    </ClInclude>
    <ClInclude Include="src\StreamPacket.h">
      <Filter>Header Files</Filter>
    </ClInclude>
    <ClInclude Include="src\JSONUtils.h">
      <Filter>Header Files</Filter>
    </ClInclude>
    <ClInclude Include="src\WSHandlers\IWSHandler.h">
      <Filter>Header Files</Filter>
    </ClInclude>
    <ClInclude Include="src\WSHandlers\WSH_login.h">
      <Filter>Header Files</Filter>
    </ClInclude>
    <ClInclude Include="src\WSHandlers\WSH_logout.h">
      <Filter>Header Files</Filter>
    </ClInclude>
    <ClInclude Include="src\WSHandlers\WSH_querysession.h">
      <Filter>Header Files</Filter>
    </ClInclude>
    <ClInclude Include="src\WSHandlers\WSH_volume.h">
      <Filter>Header Files</Filter>
    </ClInclude>
    <ClInclude Include="src\WSHandlers\WSHandlerMgr.h">
      <Filter>Header Files</Filter>
    </ClInclude>
    <ClInclude Include="src\WSHandlers\WSHException.h">
      <Filter>Header Files</Filter>
    </ClInclude>
    <ClInclude Include="src\AudioPacket.h">
      <Filter>Header Files</Filter>
    </ClInclude>
    <ClInclude Include="src\defines.h">
      <Filter>Header Files</Filter>
    </ClInclude>
    <ClInclude Include="src\SpeakerStream.h">
      <Filter>Header Files</Filter>
    </ClInclude>
    <ClInclude Include="src\WSHandlers\WSH_gate.h">
      <Filter>Header Files</Filter>
    </ClInclude>
    <ClInclude Include="src\WSHandlers\WSH_broadcast.h">
      <Filter>Header Files</Filter>
    </ClInclude>
    <ClInclude Include="src\WSHandlers\WSH_forward.h">
      <Filter>Header Files</Filter>
    </ClInclude>
    <ClInclude Include="src\WSHandlers\WSH_chsession.h">
      <Filter>Header Files</Filter>
    </ClInclude>
    <ClInclude Include="src\WSHandlers\WSH_rebuffer.h">
      <Filter>Header Files</Filter>
    </ClInclude>
  </ItemGroup>
</Project>